{
  "requires": true,
  "lockfileVersion": 1,
  "dependencies": {
    "@metamask/inpage-provider": {
      "version": "8.0.4",
      "resolved": "https://registry.npmjs.org/@metamask/inpage-provider/-/inpage-provider-8.0.4.tgz",
      "integrity": "sha512-jdI0gVWW/0wQvKZe6shXl70cU+vIb8GpAimKFU4udc/HKtgp8tLd21ezq74RaMP/lHR+qq0coOQ2KnOnl8iNNg==",
      "requires": {
        "@metamask/object-multiplex": "^1.1.0",
        "@metamask/safe-event-emitter": "^2.0.0",
        "eth-rpc-errors": "^4.0.2",
        "fast-deep-equal": "^2.0.1",
        "is-stream": "^2.0.0",
        "json-rpc-engine": "^6.1.0",
        "json-rpc-middleware-stream": "^3.0.0",
        "pump": "^3.0.0"
      }
    },
    "@metamask/object-multiplex": {
      "version": "1.1.0",
      "resolved": "https://registry.npmjs.org/@metamask/object-multiplex/-/object-multiplex-1.1.0.tgz",
      "integrity": "sha512-ImDw5+NdO5qnzmK/rpSlPmQMQm6HIC6wAHdR9nBaDK8TpeuRik5H8DCUcoNrxSeUAk1iHwchZ03lpZu6mZfrdw==",
      "requires": {
        "end-of-stream": "^1.4.4",
        "once": "^1.4.0",
        "readable-stream": "^2.3.3"
      }
    },
    "@metamask/safe-event-emitter": {
      "version": "2.0.0",
      "resolved": "https://registry.npmjs.org/@metamask/safe-event-emitter/-/safe-event-emitter-2.0.0.tgz",
      "integrity": "sha512-/kSXhY692qiV1MXu6EeOZvg5nECLclxNXcKCxJ3cXQgYuRymRHpdx/t7JXfsK+JLjwA1e1c1/SBrlQYpusC29Q=="
    },
    "core-util-is": {
      "version": "1.0.2",
      "resolved": "https://registry.npmjs.org/core-util-is/-/core-util-is-1.0.2.tgz",
      "integrity": "sha1-tf1UIgqivFq1eqtxQMlAdUUDwac="
    },
    "detect-browser": {
      "version": "3.0.1",
      "resolved": "https://registry.npmjs.org/detect-browser/-/detect-browser-3.0.1.tgz",
      "integrity": "sha512-L6b76EfUxnoxGHM5Vz7nrshQPIbOHtitDWpGufrp5srQdJrEYi1xpUVZeFbfssWAJvUWo/iDIVlz8hOP4Z8OCw=="
    },
    "end-of-stream": {
      "version": "1.4.4",
      "resolved": "https://registry.npmjs.org/end-of-stream/-/end-of-stream-1.4.4.tgz",
      "integrity": "sha512-+uw1inIHVPQoaVuHzRyXd21icM+cnt4CzD5rW+NC1wjOUSTOs+Te7FOv7AhN7vS9x/oIyhLP5PR1H+phQAHu5Q==",
      "requires": {
        "once": "^1.4.0"
      }
    },
    "eth-rpc-errors": {
      "version": "4.0.3",
      "resolved": "https://registry.npmjs.org/eth-rpc-errors/-/eth-rpc-errors-4.0.3.tgz",
      "integrity": "sha512-Z3ymjopaoft7JDoxZcEb3pwdGh7yiYMhOwm2doUt6ASXlMavpNlK6Cre0+IMl2VSGyEU9rkiperQhp5iRxn5Pg==",
      "requires": {
        "fast-safe-stringify": "^2.0.6"
      }
    },
    "extension-port-stream": {
      "version": "2.0.0",
      "resolved": "https://registry.npmjs.org/extension-port-stream/-/extension-port-stream-2.0.0.tgz",
      "integrity": "sha512-7ju8jisPXY8w8UiUczF61hRN6bpx/YTZYU9J901GnEqu7vQnweMAwS30k+SgXCcY9S38Zno+fhuu1iaxd+0swg=="
    },
    "fast-deep-equal": {
      "version": "2.0.1",
      "resolved": "https://registry.npmjs.org/fast-deep-equal/-/fast-deep-equal-2.0.1.tgz",
      "integrity": "sha1-ewUhjd+WZ79/Nwv3/bLLFf3Qqkk="
    },
    "fast-safe-stringify": {
      "version": "2.0.7",
      "resolved": "https://registry.npmjs.org/fast-safe-stringify/-/fast-safe-stringify-2.0.7.tgz",
      "integrity": "sha512-Utm6CdzT+6xsDk2m8S6uL8VHxNwI6Jub+e9NYTcAms28T84pTa25GJQV9j0CY0N1rM8hK4x6grpF2BQf+2qwVA=="
    },
    "inherits": {
      "version": "2.0.4",
      "resolved": "https://registry.npmjs.org/inherits/-/inherits-2.0.4.tgz",
      "integrity": "sha512-k/vGaX4/Yla3WzyMCvTQOXYeIHvqOKtnqBduzTHpzpQZzAskKMhZ2K+EnBiSM9zGSoIFeMpXKxa4dYeZIQqewQ=="
    },
    "is-stream": {
      "version": "2.0.0",
      "resolved": "https://registry.npmjs.org/is-stream/-/is-stream-2.0.0.tgz",
      "integrity": "sha512-XCoy+WlUr7d1+Z8GgSuXmpuUFC9fOhRXglJMx+dwLKTkL44Cjd4W1Z5P+BQZpr+cR93aGP4S/s7Ftw6Nd/kiEw=="
    },
    "isarray": {
      "version": "1.0.0",
      "resolved": "https://registry.npmjs.org/isarray/-/isarray-1.0.0.tgz",
      "integrity": "sha1-u5NdSFgsuhaMBoNJV6VKPgcSTxE="
    },
    "json-rpc-engine": {
      "version": "6.1.0",
      "resolved": "https://registry.npmjs.org/json-rpc-engine/-/json-rpc-engine-6.1.0.tgz",
      "integrity": "sha512-NEdLrtrq1jUZyfjkr9OCz9EzCNhnRyWtt1PAnvnhwy6e8XETS0Dtc+ZNCO2gvuAoKsIn2+vCSowXTYE4CkgnAQ==",
      "requires": {
        "@metamask/safe-event-emitter": "^2.0.0",
        "eth-rpc-errors": "^4.0.2"
      }
    },
    "json-rpc-middleware-stream": {
      "version": "3.0.0",
      "resolved": "https://registry.npmjs.org/json-rpc-middleware-stream/-/json-rpc-middleware-stream-3.0.0.tgz",
      "integrity": "sha512-JmZmlehE0xF3swwORpLHny/GvW3MZxCsb2uFNBrn8TOqMqivzCfz232NSDLLOtIQlrPlgyEjiYpyzyOPFOzClw==",
      "requires": {
        "@metamask/safe-event-emitter": "^2.0.0",
        "readable-stream": "^2.3.3"
      }
    },
    "metamask-extension-provider": {
      "version": "3.0.0",
      "resolved": "https://registry.npmjs.org/metamask-extension-provider/-/metamask-extension-provider-3.0.0.tgz",
      "integrity": "sha512-IQyrtzhFTW9Rd/nZTAmhFyrnlFqUK+0Tqht+G+azbf93EABBmxY3FD1aFDoR5rKToqa3WMrg0Kd5tBDZMgVaTg==",
      "requires": {
        "@metamask/inpage-provider": "^8.0.3",
        "detect-browser": "^3.0.0",
        "extension-port-stream": "^2.0.0"
      }
    },
    "once": {
      "version": "1.4.0",
      "resolved": "https://registry.npmjs.org/once/-/once-1.4.0.tgz",
      "integrity": "sha1-WDsap3WWHUsROsF9nFC6753Xa9E=",
      "requires": {
        "wrappy": "1"
      }
    },
    "process-nextick-args": {
      "version": "2.0.1",
      "resolved": "https://registry.npmjs.org/process-nextick-args/-/process-nextick-args-2.0.1.tgz",
      "integrity": "sha512-3ouUOpQhtgrbOa17J7+uxOTpITYWaGP7/AhoR3+A+/1e9skrzelGi/dXzEYyvbxubEF6Wn2ypscTKiKJFFn1ag=="
    },
    "pump": {
      "version": "3.0.0",
      "resolved": "https://registry.npmjs.org/pump/-/pump-3.0.0.tgz",
      "integrity": "sha512-LwZy+p3SFs1Pytd/jYct4wpv49HiYCqd9Rlc5ZVdk0V+8Yzv6jR5Blk3TRmPL1ft69TxP0IMZGJ+WPFU2BFhww==",
      "requires": {
        "end-of-stream": "^1.1.0",
        "once": "^1.3.1"
      }
    },
    "react-country-region-selector": {
      "version": "3.0.2",
      "resolved": "https://registry.npmjs.org/react-country-region-selector/-/react-country-region-selector-3.0.2.tgz",
      "integrity": "sha512-0U36SdE4F01Q3/uGDOHVFqhIrNR34v2cKnptUOflV5H51cwNxDLLASkB+PNDPd8emBP2i83e7HZdocWdjvIC/g=="
    },
    "readable-stream": {
      "version": "2.3.7",
      "resolved": "https://registry.npmjs.org/readable-stream/-/readable-stream-2.3.7.tgz",
      "integrity": "sha512-Ebho8K4jIbHAxnuxi7o42OrZgF/ZTNcsZj6nRKyUmkhLFq8CHItp/fy6hQZuZmP/n3yZ9VBUbp4zz/mX8hmYPw==",
      "requires": {
        "core-util-is": "~1.0.0",
        "inherits": "~2.0.3",
        "isarray": "~1.0.0",
        "process-nextick-args": "~2.0.0",
        "safe-buffer": "~5.1.1",
        "string_decoder": "~1.1.1",
        "util-deprecate": "~1.0.1"
      }
    },
    "safe-buffer": {
      "version": "5.1.2",
      "resolved": "https://registry.npmjs.org/safe-buffer/-/safe-buffer-5.1.2.tgz",
      "integrity": "sha512-Gd2UZBJDkXlY7GbJxfsE8/nvKkUEU1G38c1siN6QP6a9PT9MmHB8GnpscSmMJSoF8LOIrt8ud/wPtojys4G6+g=="
    },
    "string_decoder": {
      "version": "1.1.1",
      "resolved": "https://registry.npmjs.org/string_decoder/-/string_decoder-1.1.1.tgz",
      "integrity": "sha512-n/ShnvDi6FHbbVfviro+WojiFzv+s8MPMHBczVePfUpDJLwoLT0ht1l4YwBCbi8pJAveEEdnkHyPyTP/mzRfwg==",
      "requires": {
        "safe-buffer": "~5.1.0"
      }
    },
    "util-deprecate": {
      "version": "1.0.2",
      "resolved": "https://registry.npmjs.org/util-deprecate/-/util-deprecate-1.0.2.tgz",
      "integrity": "sha1-RQ1Nyfpw3nMnYvvS1KKJgUGaDM8="
    },
    "wrappy": {
      "version": "1.0.2",
      "resolved": "https://registry.npmjs.org/wrappy/-/wrappy-1.0.2.tgz",
      "integrity": "sha1-tSQ9jz7BqjXxNkYFvA0QNuMKtp8="
    }
  }
}
